
Microsoft Visual Studio Solution File, Format Version 12.00
# Visual Studio Version 16
VisualStudioVersion = 16.0.30804.86
MinimumVisualStudioVersion = 10.0.40219.1
Project("{FAE04EC0-301F-11D3-BF4B-00C04F79EFBC}") = "IHave30cm", "IHave30cm\IHave30cm.csproj", "{BDCFD1AE-4C82-4D51-A20D-BF276F48407B}"
EndProject
Global
	GlobalSection(SolutionConfigurationPlatforms) = preSolution
		Debug|Any CPU = Debug|Any CPU
		Release|Any CPU = Release|Any CPU
	EndGlobalSection
	GlobalSection(ProjectConfigurationPlatforms) = postSolution
		{BDCFD1AE-4C82-4D51-A20D-BF276F48407B}.Debug|Any CPU.ActiveCfg = Debug|Any CPU
		{BDCFD1AE-4C82-4D51-A20D-BF276F48407B}.Debug|Any CPU.Build.0 = Debug|Any CPU
		{BDCFD1AE-4C82-4D51-A20D-BF276F48407B}.Release|Any CPU.ActiveCfg = Release|Any CPU
		{BDCFD1AE-4C82-4D51-A20D-BF276F48407B}.Release|Any CPU.Build.0 = Release|Any CPU
	EndGlobalSection
	GlobalSection(SolutionProperties) = preSolution
		HideSolutionNode = FALSE
	EndGlobalSection
	GlobalSection(ExtensibilityGlobals) = postSolution
		SolutionGuid = {634AA90E-7009-42F6-989F-2A035971FEE4}
	EndGlobalSection
EndGlobal
